{
  "originHash" : "4f00252410df2de1df4aae0308199c8f2164c2532027f632b81c9699243853ae",
  "pins" : [
    {
      "identity" : "mobilliumintroduction",
      "kind" : "remoteSourceControl",
      "location" : "https://github.com/mobillium/MobilliumIntroduction.git",
      "state" : {
        "revision" : "52f8064d75f076678628063f2e7768439e99a0fe",
        "version" : "1.0.0"
      }
    },
    {
      "identity" : "tinyconstraints",
      "kind" : "remoteSourceControl",
      "location" : "https://github.com/roberthein/TinyConstraints",
      "state" : {
        "revision" : "3262e5c591d4ab6272255df2087a01bbebd138dc",
        "version" : "4.0.2"
      }
    }
  ],
  "version" : 3
}
