// !$*UTF8*$!
{
	archiveVersion = 1;
	classes = {
	};
	objectVersion = 56;
	objects = {

/* Begin PBXBuildFile section */
		4100646B2BEB82E800A91776 /* ForgotPasswordModel.swift in Sources */ = {isa = PBXBuildFile; fileRef = 4100646A2BEB82E800A91776 /* ForgotPasswordModel.swift */; };
		4100646D2BEB82F800A91776 /* ForgotPasswordViewModel.swift in Sources */ = {isa = PBXBuildFile; fileRef = 4100646C2BEB82F800A91776 /* ForgotPasswordViewModel.swift */; };
		410694552BF4E88B0011A683 /* HomeModel.swift in Sources */ = {isa = PBXBuildFile; fileRef = 410694542BF4E88B0011A683 /* HomeModel.swift */; };
		410694572BF4E8B40011A683 /* HomeViewModel.swift in Sources */ = {isa = PBXBuildFile; fileRef = 410694562BF4E8B40011A683 /* HomeViewModel.swift */; };
		410C7DBB2B700100006E3233 /* MaButton.swift in Sources */ = {isa = PBXBuildFile; fileRef = 410C7DBA2B700100006E3233 /* MaButton.swift */; };
		4110569F2B92069E00CA42ED /* LoginViewModel.swift in Sources */ = {isa = PBXBuildFile; fileRef = 4110569E2B92069E00CA42ED /* LoginViewModel.swift */; };
		411056A12B92231300CA42ED /* LoginModel.swift in Sources */ = {isa = PBXBuildFile; fileRef = 411056A02B92231300CA42ED /* LoginModel.swift */; };
		4118EBD42B740BD400F9E6C1 /* OnboardingViewController.swift in Sources */ = {isa = PBXBuildFile; fileRef = 4118EBD32B740BD400F9E6C1 /* OnboardingViewController.swift */; };
		4118EBD62B742D5D00F9E6C1 /* SwipeCell.swift in Sources */ = {isa = PBXBuildFile; fileRef = 4118EBD52B742D5D00F9E6C1 /* SwipeCell.swift */; };
		4118EBD82B742D8800F9E6C1 /* SwipeItem.swift in Sources */ = {isa = PBXBuildFile; fileRef = 4118EBD72B742D8800F9E6C1 /* SwipeItem.swift */; };
		415FED422BE671B600CA42FC /* RegisterModel.swift in Sources */ = {isa = PBXBuildFile; fileRef = 415FED412BE671B600CA42FC /* RegisterModel.swift */; };
		416D45532B764A5800D3908A /* MobilliumIntroduction in Frameworks */ = {isa = PBXBuildFile; productRef = 416D45522B764A5800D3908A /* MobilliumIntroduction */; };
		417174D62B98D9AF0028F2FA /* Router.swift in Sources */ = {isa = PBXBuildFile; fileRef = 417174D52B98D9AF0028F2FA /* Router.swift */; };
		417174D92B98DB450028F2FA /* Transition.swift in Sources */ = {isa = PBXBuildFile; fileRef = 417174D82B98DB450028F2FA /* Transition.swift */; };
		417174DB2B98DBFF0028F2FA /* Animator.swift in Sources */ = {isa = PBXBuildFile; fileRef = 417174DA2B98DBFF0028F2FA /* Animator.swift */; };
		417174DD2B98DC350028F2FA /* ModalTransition.swift in Sources */ = {isa = PBXBuildFile; fileRef = 417174DC2B98DC350028F2FA /* ModalTransition.swift */; };
		417174DF2B98DFB90028F2FA /* PlaceOnWindowTransition.swift in Sources */ = {isa = PBXBuildFile; fileRef = 417174DE2B98DFB90028F2FA /* PlaceOnWindowTransition.swift */; };
		417174E12B98E12B0028F2FA /* PushTransition.swift in Sources */ = {isa = PBXBuildFile; fileRef = 417174E02B98E12B0028F2FA /* PushTransition.swift */; };
		417174E32B98E57B0028F2FA /* AppRouter.swift in Sources */ = {isa = PBXBuildFile; fileRef = 417174E22B98E57B0028F2FA /* AppRouter.swift */; };
		417174E52B98F0DA0028F2FA /* LoginRoute.swift in Sources */ = {isa = PBXBuildFile; fileRef = 417174E42B98F0DA0028F2FA /* LoginRoute.swift */; };
		417174E72B98F2ED0028F2FA /* RegisterRoute.swift in Sources */ = {isa = PBXBuildFile; fileRef = 417174E62B98F2ED0028F2FA /* RegisterRoute.swift */; };
		417174E92B98F3050028F2FA /* HomeRoute.swift in Sources */ = {isa = PBXBuildFile; fileRef = 417174E82B98F3050028F2FA /* HomeRoute.swift */; };
		417174EB2B98F3AB0028F2FA /* RegisterRouter.swift in Sources */ = {isa = PBXBuildFile; fileRef = 417174EA2B98F3AB0028F2FA /* RegisterRouter.swift */; };
		417174EE2B98F5430028F2FA /* ForgotPasswordRoute.swift in Sources */ = {isa = PBXBuildFile; fileRef = 417174ED2B98F5430028F2FA /* ForgotPasswordRoute.swift */; };
		417174F02B98F5560028F2FA /* ForgotPasswordRouter.swift in Sources */ = {isa = PBXBuildFile; fileRef = 417174EF2B98F5560028F2FA /* ForgotPasswordRouter.swift */; };
		417174F42B98F5AB0028F2FA /* ForgotPasswordView.swift in Sources */ = {isa = PBXBuildFile; fileRef = 417174F32B98F5AB0028F2FA /* ForgotPasswordView.swift */; };
		417174F62B98F66A0028F2FA /* HomeRouter.swift in Sources */ = {isa = PBXBuildFile; fileRef = 417174F52B98F66A0028F2FA /* HomeRouter.swift */; };
		4179E3042B87F05400F0FEEE /* RegisterView.swift in Sources */ = {isa = PBXBuildFile; fileRef = 4179E3032B87F05400F0FEEE /* RegisterView.swift */; };
		417B15A92B7F764E000BF1C9 /* LoginView.swift in Sources */ = {isa = PBXBuildFile; fileRef = 417B15A82B7F764E000BF1C9 /* LoginView.swift */; };
		4186CBE72B79469800E174F2 /* FirstOnboardingViewController.swift in Sources */ = {isa = PBXBuildFile; fileRef = 4186CBE62B79469800E174F2 /* FirstOnboardingViewController.swift */; };
		4195036E2B7A49C200BA9C7C /* MaTextField.swift in Sources */ = {isa = PBXBuildFile; fileRef = 4195036D2B7A49C200BA9C7C /* MaTextField.swift */; };
		41B40C0E2B6E966600F5697C /* ColorManager.swift in Sources */ = {isa = PBXBuildFile; fileRef = 41B40C0D2B6E966600F5697C /* ColorManager.swift */; };
		41B40C112B6E966600F5697C /* FontManager.swift in Sources */ = {isa = PBXBuildFile; fileRef = 41B40C102B6E966600F5697C /* FontManager.swift */; };
		41B40C142B6E966600F5697C /* NotificationCenter+Extension.swift in Sources */ = {isa = PBXBuildFile; fileRef = 41B40C132B6E966600F5697C /* NotificationCenter+Extension.swift */; };
		41B40C162B6E966600F5697C /* String+Extension.swift in Sources */ = {isa = PBXBuildFile; fileRef = 41B40C152B6E966600F5697C /* String+Extension.swift */; };
		41B40C182B6E966600F5697C /* UIColor+Extension.swift in Sources */ = {isa = PBXBuildFile; fileRef = 41B40C172B6E966600F5697C /* UIColor+Extension.swift */; };
		41B40C1B2B6E966600F5697C /* AppDelegate.swift in Sources */ = {isa = PBXBuildFile; fileRef = 41B40C1A2B6E966600F5697C /* AppDelegate.swift */; };
		41B40C1D2B6E966600F5697C /* SceneDelegate.swift in Sources */ = {isa = PBXBuildFile; fileRef = 41B40C1C2B6E966600F5697C /* SceneDelegate.swift */; };
		41B40C212B6E966600F5697C /* HomeView.swift in Sources */ = {isa = PBXBuildFile; fileRef = 41B40C202B6E966600F5697C /* HomeView.swift */; };
		41B40C272B6E966700F5697C /* Assets.xcassets in Resources */ = {isa = PBXBuildFile; fileRef = 41B40C262B6E966700F5697C /* Assets.xcassets */; };
		41B40C2A2B6E966700F5697C /* LaunchScreen.storyboard in Resources */ = {isa = PBXBuildFile; fileRef = 41B40C292B6E966700F5697C /* LaunchScreen.storyboard */; };
		41BC708A2B9340F6005048B0 /* RegisterViewModel.swift in Sources */ = {isa = PBXBuildFile; fileRef = 41BC70892B9340F6005048B0 /* RegisterViewModel.swift */; };
		41CBB5BD2B9E262C00F15580 /* FirstOnboardingRouter.swift in Sources */ = {isa = PBXBuildFile; fileRef = 41CBB5BC2B9E262C00F15580 /* FirstOnboardingRouter.swift */; };
		41CBB5BF2B9E263600F15580 /* FirstOnboardingRoute.swift in Sources */ = {isa = PBXBuildFile; fileRef = 41CBB5BE2B9E263600F15580 /* FirstOnboardingRoute.swift */; };
		41FAD4082B90B6E300E316C1 /* LoginRouter.swift in Sources */ = {isa = PBXBuildFile; fileRef = 41FAD4072B90B6E300E316C1 /* LoginRouter.swift */; };
		7C1C07E72C5C493400828DFD /* MaRatingView.swift in Sources */ = {isa = PBXBuildFile; fileRef = 7C1C07E62C5C493400828DFD /* MaRatingView.swift */; };
		7C21B0972C316A4C006877E1 /* MainTabBarViewController.swift in Sources */ = {isa = PBXBuildFile; fileRef = 7C21B0962C316A4C006877E1 /* MainTabBarViewController.swift */; };
		7C21B0A02C316E06006877E1 /* SearchView.swift in Sources */ = {isa = PBXBuildFile; fileRef = 7C21B09F2C316E06006877E1 /* SearchView.swift */; };
		7C21B0A22C316E19006877E1 /* ProfileView.swift in Sources */ = {isa = PBXBuildFile; fileRef = 7C21B0A12C316E19006877E1 /* ProfileView.swift */; };
		7C21B0A42C316E25006877E1 /* ListView.swift in Sources */ = {isa = PBXBuildFile; fileRef = 7C21B0A32C316E25006877E1 /* ListView.swift */; };
		7C2996F82C5E51C8000BC2B3 /* TvCredits.swift in Sources */ = {isa = PBXBuildFile; fileRef = 7C2996F72C5E51C8000BC2B3 /* TvCredits.swift */; };
		7C2996FA2C5E5821000BC2B3 /* TVShowService.swift in Sources */ = {isa = PBXBuildFile; fileRef = 7C2996F92C5E5821000BC2B3 /* TVShowService.swift */; };
		7C2996FC2C5E58FD000BC2B3 /* GetSearchTVShowsRequest.swift in Sources */ = {isa = PBXBuildFile; fileRef = 7C2996FB2C5E58FD000BC2B3 /* GetSearchTVShowsRequest.swift */; };
		7C2997002C5E7EFE000BC2B3 /* GetTVShowCreditsRequest.swift in Sources */ = {isa = PBXBuildFile; fileRef = 7C2996FF2C5E7EFE000BC2B3 /* GetTVShowCreditsRequest.swift */; };
		7C361A6A2C3F0D4C006A5AFC /* NetworkManager.swift in Sources */ = {isa = PBXBuildFile; fileRef = 7C361A692C3F0D4C006A5AFC /* NetworkManager.swift */; };
		7C361A712C3F0D9B006A5AFC /* NetworkManagerProtocol.swift in Sources */ = {isa = PBXBuildFile; fileRef = 7C361A702C3F0D9B006A5AFC /* NetworkManagerProtocol.swift */; };
		7C361A732C3F0DCB006A5AFC /* RequestEncoding.swift in Sources */ = {isa = PBXBuildFile; fileRef = 7C361A722C3F0DCB006A5AFC /* RequestEncoding.swift */; };
		7C361A752C3F0E5B006A5AFC /* RequestMethod.swift in Sources */ = {isa = PBXBuildFile; fileRef = 7C361A742C3F0E5B006A5AFC /* RequestMethod.swift */; };
		7C361A772C3F0E66006A5AFC /* RequestProtocol.swift in Sources */ = {isa = PBXBuildFile; fileRef = 7C361A762C3F0E66006A5AFC /* RequestProtocol.swift */; };
		7C361A792C3F15FB006A5AFC /* Model.swift in Sources */ = {isa = PBXBuildFile; fileRef = 7C361A782C3F15FB006A5AFC /* Model.swift */; };
		7C361A7B2C3F164E006A5AFC /* Movie.swift in Sources */ = {isa = PBXBuildFile; fileRef = 7C361A7A2C3F164E006A5AFC /* Movie.swift */; };
		7C361A7D2C3F1670006A5AFC /* TVShow.swift in Sources */ = {isa = PBXBuildFile; fileRef = 7C361A7C2C3F1670006A5AFC /* TVShow.swift */; };
		7C361A7F2C3F16B9006A5AFC /* GetPopularMoviesRequest.swift in Sources */ = {isa = PBXBuildFile; fileRef = 7C361A7E2C3F16B9006A5AFC /* GetPopularMoviesRequest.swift */; };
		7C361A812C3F16CB006A5AFC /* GetPopularTVShowsRequest.swift in Sources */ = {isa = PBXBuildFile; fileRef = 7C361A802C3F16CB006A5AFC /* GetPopularTVShowsRequest.swift */; };
		7C361A832C3F16EC006A5AFC /* GetMovieDetailsRequest.swift in Sources */ = {isa = PBXBuildFile; fileRef = 7C361A822C3F16EC006A5AFC /* GetMovieDetailsRequest.swift */; };
		7C361A852C3F16FD006A5AFC /* GetTVShowDetailsRequest.swift in Sources */ = {isa = PBXBuildFile; fileRef = 7C361A842C3F16FD006A5AFC /* GetTVShowDetailsRequest.swift */; };
		7C4178022C65F12C00791C7E /* GoogleSignIn in Frameworks */ = {isa = PBXBuildFile; productRef = 7C4178012C65F12C00791C7E /* GoogleSignIn */; };
		7C4178042C65F12C00791C7E /* GoogleSignInSwift in Frameworks */ = {isa = PBXBuildFile; productRef = 7C4178032C65F12C00791C7E /* GoogleSignInSwift */; };
		7C4178072C66406F00791C7E /* TabBarRoute.swift in Sources */ = {isa = PBXBuildFile; fileRef = 7C4178062C66406F00791C7E /* TabBarRoute.swift */; };
		7C4178092C66407700791C7E /* TabBarRouter.swift in Sources */ = {isa = PBXBuildFile; fileRef = 7C4178082C66407700791C7E /* TabBarRouter.swift */; };
		7C41780B2C6640D500791C7E /* TabBarViewModel.swift in Sources */ = {isa = PBXBuildFile; fileRef = 7C41780A2C6640D500791C7E /* TabBarViewModel.swift */; };
		7C56BA992C55373000556180 /* GetTrailerRequest.swift in Sources */ = {isa = PBXBuildFile; fileRef = 7C56BA982C55373000556180 /* GetTrailerRequest.swift */; };
		7C56BA9B2C553D0700556180 /* GetDiscoverMoviesRequest.swift in Sources */ = {isa = PBXBuildFile; fileRef = 7C56BA9A2C553D0700556180 /* GetDiscoverMoviesRequest.swift */; };
		7C56BA9D2C55CDF700556180 /* SearchResultViewModel.swift in Sources */ = {isa = PBXBuildFile; fileRef = 7C56BA9C2C55CDF700556180 /* SearchResultViewModel.swift */; };
		7C7332B12C343F8C0091ED66 /* ListItem.swift in Sources */ = {isa = PBXBuildFile; fileRef = 7C7332B02C343F8C0091ED66 /* ListItem.swift */; };
		7C7332B32C343FB40091ED66 /* ListSection.swift in Sources */ = {isa = PBXBuildFile; fileRef = 7C7332B22C343FB40091ED66 /* ListSection.swift */; };
		7C7332B52C343FF10091ED66 /* MockData.swift in Sources */ = {isa = PBXBuildFile; fileRef = 7C7332B42C343FF10091ED66 /* MockData.swift */; };
		7C7332B82C3441030091ED66 /* PopularMoviesCollectionViewCell.swift in Sources */ = {isa = PBXBuildFile; fileRef = 7C7332B72C3441030091ED66 /* PopularMoviesCollectionViewCell.swift */; };
		7C7332BA2C3441140091ED66 /* PortraitCollectionViewCell.swift in Sources */ = {isa = PBXBuildFile; fileRef = 7C7332B92C3441140091ED66 /* PortraitCollectionViewCell.swift */; };
		7C7332BC2C34412C0091ED66 /* LandscapeCollectionViewCell.swift in Sources */ = {isa = PBXBuildFile; fileRef = 7C7332BB2C34412C0091ED66 /* LandscapeCollectionViewCell.swift */; };
		7C7332BE2C3441440091ED66 /* CollectionViewHeaderReusableView.swift in Sources */ = {isa = PBXBuildFile; fileRef = 7C7332BD2C3441440091ED66 /* CollectionViewHeaderReusableView.swift */; };
		7C88BDD52C5FEBED00C96831 /* MovieDetailRoute.swift in Sources */ = {isa = PBXBuildFile; fileRef = 7C88BDD42C5FEBED00C96831 /* MovieDetailRoute.swift */; };
		7C88BDD72C5FEBF500C96831 /* MovieDetailRouter.swift in Sources */ = {isa = PBXBuildFile; fileRef = 7C88BDD62C5FEBF500C96831 /* MovieDetailRouter.swift */; };
		7C88BDD92C603F7F00C96831 /* SearchRoute.swift in Sources */ = {isa = PBXBuildFile; fileRef = 7C88BDD82C603F7F00C96831 /* SearchRoute.swift */; };
		7C88BDDB2C603F8800C96831 /* SearchRouter.swift in Sources */ = {isa = PBXBuildFile; fileRef = 7C88BDDA2C603F8800C96831 /* SearchRouter.swift */; };
		7C88BDDD2C6041EB00C96831 /* SearchResultRoute.swift in Sources */ = {isa = PBXBuildFile; fileRef = 7C88BDDC2C6041EB00C96831 /* SearchResultRoute.swift */; };
		7C88BDDF2C6041F100C96831 /* SearchResultRouter.swift in Sources */ = {isa = PBXBuildFile; fileRef = 7C88BDDE2C6041F100C96831 /* SearchResultRouter.swift */; };
		7C9619152C4A8C2100E92F3F /* GetNowPlayingMoviesRequest.swift in Sources */ = {isa = PBXBuildFile; fileRef = 7C9619142C4A8C2100E92F3F /* GetNowPlayingMoviesRequest.swift */; };
		7C9619192C4A8DEF00E92F3F /* GetTopRatedMoviesRequest.swift in Sources */ = {isa = PBXBuildFile; fileRef = 7C9619182C4A8DEF00E92F3F /* GetTopRatedMoviesRequest.swift */; };
		7C96191B2C4A95AB00E92F3F /* GetTopRatedTVShowsRequest.swift in Sources */ = {isa = PBXBuildFile; fileRef = 7C96191A2C4A95AB00E92F3F /* GetTopRatedTVShowsRequest.swift */; };
		7C96191D2C4A984D00E92F3F /* GetTrendingTVShowsRequest.swift in Sources */ = {isa = PBXBuildFile; fileRef = 7C96191C2C4A984D00E92F3F /* GetTrendingTVShowsRequest.swift */; };
		7C96191F2C4A992C00E92F3F /* GetOnTheAirTVShowsRequest.swift in Sources */ = {isa = PBXBuildFile; fileRef = 7C96191E2C4A992C00E92F3F /* GetOnTheAirTVShowsRequest.swift */; };
		7C966CFF2C4EA7D4008B696F /* SearchTableViewCell.swift in Sources */ = {isa = PBXBuildFile; fileRef = 7C966CFE2C4EA7D4008B696F /* SearchTableViewCell.swift */; };
		7C96CFB92C505AD5003801C7 /* SearchRequests.swift in Sources */ = {isa = PBXBuildFile; fileRef = 7C96CFB82C505AD5003801C7 /* SearchRequests.swift */; };
		7C96CFBB2C505B33003801C7 /* SearchViewModel.swift in Sources */ = {isa = PBXBuildFile; fileRef = 7C96CFBA2C505B33003801C7 /* SearchViewModel.swift */; };
		7C982E992C45864300A8B2D6 /* CustomHeaderReusableView.swift in Sources */ = {isa = PBXBuildFile; fileRef = 7C982E982C45864300A8B2D6 /* CustomHeaderReusableView.swift */; };
		7CAB3F532C64A3B3000103DD /* IQKeyboardManagerSwift in Frameworks */ = {isa = PBXBuildFile; productRef = 7CAB3F522C64A3B3000103DD /* IQKeyboardManagerSwift */; };
		7CAB3F5D2C65099E000103DD /* FirebaseAuth in Frameworks */ = {isa = PBXBuildFile; productRef = 7CAB3F5C2C65099E000103DD /* FirebaseAuth */; };
		7CAB3F5F2C6509C4000103DD /* FirebaseDatabase in Frameworks */ = {isa = PBXBuildFile; productRef = 7CAB3F5E2C6509C4000103DD /* FirebaseDatabase */; };
		7CAB3F612C6509E0000103DD /* FirebaseAnalytics in Frameworks */ = {isa = PBXBuildFile; productRef = 7CAB3F602C6509E0000103DD /* FirebaseAnalytics */; };
		7CAB3F632C650D59000103DD /* GoogleService-Info.plist in Resources */ = {isa = PBXBuildFile; fileRef = 7CAB3F622C650D59000103DD /* GoogleService-Info.plist */; };
		7CAB5CE82C403EA10049D446 /* Config.swift in Sources */ = {isa = PBXBuildFile; fileRef = 7CAB5CE72C403EA10049D446 /* Config.swift */; };
		7CAB5CED2C4065F90049D446 /* SDWebImage in Frameworks */ = {isa = PBXBuildFile; productRef = 7CAB5CEC2C4065F90049D446 /* SDWebImage */; };
		7CAB5CEF2C4065F90049D446 /* SDWebImageMapKit in Frameworks */ = {isa = PBXBuildFile; productRef = 7CAB5CEE2C4065F90049D446 /* SDWebImageMapKit */; };
		7CABC7272C43322B00DD7472 /* TinyConstraints in Frameworks */ = {isa = PBXBuildFile; productRef = 7CABC7262C43322B00DD7472 /* TinyConstraints */; };
		7CC48C342C4EAE540052CD14 /* SearchResultViewController.swift in Sources */ = {isa = PBXBuildFile; fileRef = 7CC48C332C4EAE540052CD14 /* SearchResultViewController.swift */; };
		7CC48C382C4EAEB40052CD14 /* TitlePreviewViewController.swift in Sources */ = {isa = PBXBuildFile; fileRef = 7CC48C372C4EAEB40052CD14 /* TitlePreviewViewController.swift */; };
		7CC48C3A2C4EAF5C0052CD14 /* TitlePreviewViewModel.swift in Sources */ = {isa = PBXBuildFile; fileRef = 7CC48C392C4EAF5C0052CD14 /* TitlePreviewViewModel.swift */; };
		7CC48C3C2C4EAF740052CD14 /* YoutubeSearchResponse.swift in Sources */ = {isa = PBXBuildFile; fileRef = 7CC48C3B2C4EAF740052CD14 /* YoutubeSearchResponse.swift */; };
		7CC48C3E2C4EAFAF0052CD14 /* SearchCollectionViewCell.swift in Sources */ = {isa = PBXBuildFile; fileRef = 7CC48C3D2C4EAFAF0052CD14 /* SearchCollectionViewCell.swift */; };
		7CC48C402C4EB05D0052CD14 /* Constants.swift in Sources */ = {isa = PBXBuildFile; fileRef = 7CC48C3F2C4EB05D0052CD14 /* Constants.swift */; };
		7CCDA58E2C4163F000D38B1E /* Alamofire in Frameworks */ = {isa = PBXBuildFile; productRef = 7CCDA58D2C4163F000D38B1E /* Alamofire */; };
		7CD1432F2C395AD40089BAE7 /* MediumCollectionViewCell.swift in Sources */ = {isa = PBXBuildFile; fileRef = 7CD1432E2C395AD40089BAE7 /* MediumCollectionViewCell.swift */; };
		7CD6FD172C49A19800C266E1 /* GetTrendingMoviesRequest.swift in Sources */ = {isa = PBXBuildFile; fileRef = 7CD6FD162C49A19800C266E1 /* GetTrendingMoviesRequest.swift */; };
		7CE75DC72C59409F00121DF6 /* GetMovieCreditsRequest.swift in Sources */ = {isa = PBXBuildFile; fileRef = 7CE75DC62C59409F00121DF6 /* GetMovieCreditsRequest.swift */; };
		7CE75DCD2C597D1C00121DF6 /* Credits.swift in Sources */ = {isa = PBXBuildFile; fileRef = 7CE75DCC2C597D1C00121DF6 /* Credits.swift */; };
		7CE75DCF2C59810200121DF6 /* YoutubeService.swift in Sources */ = {isa = PBXBuildFile; fileRef = 7CE75DCE2C59810200121DF6 /* YoutubeService.swift */; };
		7CE75DD12C59811600121DF6 /* MovieService.swift in Sources */ = {isa = PBXBuildFile; fileRef = 7CE75DD02C59811600121DF6 /* MovieService.swift */; };
		7CF7E0AA2C69E656007924B0 /* ListViewModel.swift in Sources */ = {isa = PBXBuildFile; fileRef = 7CF7E0A92C69E656007924B0 /* ListViewModel.swift */; };
/* End PBXBuildFile section */

/* Begin PBXFileReference section */
		4100646A2BEB82E800A91776 /* ForgotPasswordModel.swift */ = {isa = PBXFileReference; lastKnownFileType = sourcecode.swift; path = ForgotPasswordModel.swift; sourceTree = "<group>"; };
		4100646C2BEB82F800A91776 /* ForgotPasswordViewModel.swift */ = {isa = PBXFileReference; lastKnownFileType = sourcecode.swift; path = ForgotPasswordViewModel.swift; sourceTree = "<group>"; };
		410694542BF4E88B0011A683 /* HomeModel.swift */ = {isa = PBXFileReference; lastKnownFileType = sourcecode.swift; path = HomeModel.swift; sourceTree = "<group>"; };
		410694562BF4E8B40011A683 /* HomeViewModel.swift */ = {isa = PBXFileReference; lastKnownFileType = sourcecode.swift; path = HomeViewModel.swift; sourceTree = "<group>"; };
		410C7DBA2B700100006E3233 /* MaButton.swift */ = {isa = PBXFileReference; lastKnownFileType = sourcecode.swift; path = MaButton.swift; sourceTree = "<group>"; };
		4110569E2B92069E00CA42ED /* LoginViewModel.swift */ = {isa = PBXFileReference; lastKnownFileType = sourcecode.swift; path = LoginViewModel.swift; sourceTree = "<group>"; };
		411056A02B92231300CA42ED /* LoginModel.swift */ = {isa = PBXFileReference; lastKnownFileType = sourcecode.swift; path = LoginModel.swift; sourceTree = "<group>"; };
		4118EBD32B740BD400F9E6C1 /* OnboardingViewController.swift */ = {isa = PBXFileReference; lastKnownFileType = sourcecode.swift; path = OnboardingViewController.swift; sourceTree = "<group>"; };
		4118EBD52B742D5D00F9E6C1 /* SwipeCell.swift */ = {isa = PBXFileReference; lastKnownFileType = sourcecode.swift; path = SwipeCell.swift; sourceTree = "<group>"; };
		4118EBD72B742D8800F9E6C1 /* SwipeItem.swift */ = {isa = PBXFileReference; lastKnownFileType = sourcecode.swift; path = SwipeItem.swift; sourceTree = "<group>"; };
		415FED412BE671B600CA42FC /* RegisterModel.swift */ = {isa = PBXFileReference; lastKnownFileType = sourcecode.swift; path = RegisterModel.swift; sourceTree = "<group>"; };
		417174D52B98D9AF0028F2FA /* Router.swift */ = {isa = PBXFileReference; lastKnownFileType = sourcecode.swift; path = Router.swift; sourceTree = "<group>"; };
		417174D82B98DB450028F2FA /* Transition.swift */ = {isa = PBXFileReference; lastKnownFileType = sourcecode.swift; path = Transition.swift; sourceTree = "<group>"; };
		417174DA2B98DBFF0028F2FA /* Animator.swift */ = {isa = PBXFileReference; lastKnownFileType = sourcecode.swift; path = Animator.swift; sourceTree = "<group>"; };
		417174DC2B98DC350028F2FA /* ModalTransition.swift */ = {isa = PBXFileReference; lastKnownFileType = sourcecode.swift; path = ModalTransition.swift; sourceTree = "<group>"; };
		417174DE2B98DFB90028F2FA /* PlaceOnWindowTransition.swift */ = {isa = PBXFileReference; lastKnownFileType = sourcecode.swift; path = PlaceOnWindowTransition.swift; sourceTree = "<group>"; };
		417174E02B98E12B0028F2FA /* PushTransition.swift */ = {isa = PBXFileReference; lastKnownFileType = sourcecode.swift; path = PushTransition.swift; sourceTree = "<group>"; };
		417174E22B98E57B0028F2FA /* AppRouter.swift */ = {isa = PBXFileReference; lastKnownFileType = sourcecode.swift; path = AppRouter.swift; sourceTree = "<group>"; };
		417174E42B98F0DA0028F2FA /* LoginRoute.swift */ = {isa = PBXFileReference; lastKnownFileType = sourcecode.swift; path = LoginRoute.swift; sourceTree = "<group>"; };
		417174E62B98F2ED0028F2FA /* RegisterRoute.swift */ = {isa = PBXFileReference; lastKnownFileType = sourcecode.swift; path = RegisterRoute.swift; sourceTree = "<group>"; };
		417174E82B98F3050028F2FA /* HomeRoute.swift */ = {isa = PBXFileReference; lastKnownFileType = sourcecode.swift; path = HomeRoute.swift; sourceTree = "<group>"; };
		417174EA2B98F3AB0028F2FA /* RegisterRouter.swift */ = {isa = PBXFileReference; lastKnownFileType = sourcecode.swift; path = RegisterRouter.swift; sourceTree = "<group>"; };
		417174ED2B98F5430028F2FA /* ForgotPasswordRoute.swift */ = {isa = PBXFileReference; lastKnownFileType = sourcecode.swift; path = ForgotPasswordRoute.swift; sourceTree = "<group>"; };
		417174EF2B98F5560028F2FA /* ForgotPasswordRouter.swift */ = {isa = PBXFileReference; lastKnownFileType = sourcecode.swift; path = ForgotPasswordRouter.swift; sourceTree = "<group>"; };
		417174F32B98F5AB0028F2FA /* ForgotPasswordView.swift */ = {isa = PBXFileReference; lastKnownFileType = sourcecode.swift; path = ForgotPasswordView.swift; sourceTree = "<group>"; };
		417174F52B98F66A0028F2FA /* HomeRouter.swift */ = {isa = PBXFileReference; lastKnownFileType = sourcecode.swift; path = HomeRouter.swift; sourceTree = "<group>"; };
		4179E3032B87F05400F0FEEE /* RegisterView.swift */ = {isa = PBXFileReference; lastKnownFileType = sourcecode.swift; path = RegisterView.swift; sourceTree = "<group>"; };
		417B15A82B7F764E000BF1C9 /* LoginView.swift */ = {isa = PBXFileReference; lastKnownFileType = sourcecode.swift; path = LoginView.swift; sourceTree = "<group>"; };
		4186CBE62B79469800E174F2 /* FirstOnboardingViewController.swift */ = {isa = PBXFileReference; lastKnownFileType = sourcecode.swift; path = FirstOnboardingViewController.swift; sourceTree = "<group>"; };
		4195036D2B7A49C200BA9C7C /* MaTextField.swift */ = {isa = PBXFileReference; lastKnownFileType = sourcecode.swift; path = MaTextField.swift; sourceTree = "<group>"; };
		41B40BFB2B6E966600F5697C /* MovieApp.app */ = {isa = PBXFileReference; explicitFileType = wrapper.application; includeInIndex = 0; path = MovieApp.app; sourceTree = BUILT_PRODUCTS_DIR; };
		41B40C0D2B6E966600F5697C /* ColorManager.swift */ = {isa = PBXFileReference; lastKnownFileType = sourcecode.swift; path = ColorManager.swift; sourceTree = "<group>"; };
		41B40C102B6E966600F5697C /* FontManager.swift */ = {isa = PBXFileReference; lastKnownFileType = sourcecode.swift; path = FontManager.swift; sourceTree = "<group>"; };
		41B40C132B6E966600F5697C /* NotificationCenter+Extension.swift */ = {isa = PBXFileReference; lastKnownFileType = sourcecode.swift; path = "NotificationCenter+Extension.swift"; sourceTree = "<group>"; };
		41B40C152B6E966600F5697C /* String+Extension.swift */ = {isa = PBXFileReference; lastKnownFileType = sourcecode.swift; path = "String+Extension.swift"; sourceTree = "<group>"; };
		41B40C172B6E966600F5697C /* UIColor+Extension.swift */ = {isa = PBXFileReference; lastKnownFileType = sourcecode.swift; path = "UIColor+Extension.swift"; sourceTree = "<group>"; };
		41B40C1A2B6E966600F5697C /* AppDelegate.swift */ = {isa = PBXFileReference; lastKnownFileType = sourcecode.swift; path = AppDelegate.swift; sourceTree = "<group>"; };
		41B40C1C2B6E966600F5697C /* SceneDelegate.swift */ = {isa = PBXFileReference; lastKnownFileType = sourcecode.swift; path = SceneDelegate.swift; sourceTree = "<group>"; };
		41B40C202B6E966600F5697C /* HomeView.swift */ = {isa = PBXFileReference; lastKnownFileType = sourcecode.swift; path = HomeView.swift; sourceTree = "<group>"; };
		41B40C232B6E966600F5697C /* Info.plist */ = {isa = PBXFileReference; lastKnownFileType = text.plist.xml; path = Info.plist; sourceTree = "<group>"; };
		41B40C262B6E966700F5697C /* Assets.xcassets */ = {isa = PBXFileReference; lastKnownFileType = folder.assetcatalog; path = Assets.xcassets; sourceTree = "<group>"; };
		41B40C292B6E966700F5697C /* LaunchScreen.storyboard */ = {isa = PBXFileReference; lastKnownFileType = file.storyboard; path = LaunchScreen.storyboard; sourceTree = "<group>"; };
		41BC70892B9340F6005048B0 /* RegisterViewModel.swift */ = {isa = PBXFileReference; lastKnownFileType = sourcecode.swift; path = RegisterViewModel.swift; sourceTree = "<group>"; };
		41CBB5BC2B9E262C00F15580 /* FirstOnboardingRouter.swift */ = {isa = PBXFileReference; lastKnownFileType = sourcecode.swift; path = FirstOnboardingRouter.swift; sourceTree = "<group>"; };
		41CBB5BE2B9E263600F15580 /* FirstOnboardingRoute.swift */ = {isa = PBXFileReference; lastKnownFileType = sourcecode.swift; path = FirstOnboardingRoute.swift; sourceTree = "<group>"; };
		41FAD4072B90B6E300E316C1 /* LoginRouter.swift */ = {isa = PBXFileReference; lastKnownFileType = sourcecode.swift; path = LoginRouter.swift; sourceTree = "<group>"; };
		7C1C07E62C5C493400828DFD /* MaRatingView.swift */ = {isa = PBXFileReference; lastKnownFileType = sourcecode.swift; path = MaRatingView.swift; sourceTree = "<group>"; };
		7C21B0962C316A4C006877E1 /* MainTabBarViewController.swift */ = {isa = PBXFileReference; lastKnownFileType = sourcecode.swift; path = MainTabBarViewController.swift; sourceTree = "<group>"; };
		7C21B09F2C316E06006877E1 /* SearchView.swift */ = {isa = PBXFileReference; lastKnownFileType = sourcecode.swift; path = SearchView.swift; sourceTree = "<group>"; };
		7C21B0A12C316E19006877E1 /* ProfileView.swift */ = {isa = PBXFileReference; lastKnownFileType = sourcecode.swift; path = ProfileView.swift; sourceTree = "<group>"; };
		7C21B0A32C316E25006877E1 /* ListView.swift */ = {isa = PBXFileReference; lastKnownFileType = sourcecode.swift; path = ListView.swift; sourceTree = "<group>"; };
		7C2996F72C5E51C8000BC2B3 /* TvCredits.swift */ = {isa = PBXFileReference; lastKnownFileType = sourcecode.swift; path = TvCredits.swift; sourceTree = "<group>"; };
		7C2996F92C5E5821000BC2B3 /* TVShowService.swift */ = {isa = PBXFileReference; lastKnownFileType = sourcecode.swift; path = TVShowService.swift; sourceTree = "<group>"; };
		7C2996FB2C5E58FD000BC2B3 /* GetSearchTVShowsRequest.swift */ = {isa = PBXFileReference; lastKnownFileType = sourcecode.swift; path = GetSearchTVShowsRequest.swift; sourceTree = "<group>"; };
		7C2996FF2C5E7EFE000BC2B3 /* GetTVShowCreditsRequest.swift */ = {isa = PBXFileReference; lastKnownFileType = sourcecode.swift; path = GetTVShowCreditsRequest.swift; sourceTree = "<group>"; };
		7C361A692C3F0D4C006A5AFC /* NetworkManager.swift */ = {isa = PBXFileReference; lastKnownFileType = sourcecode.swift; path = NetworkManager.swift; sourceTree = "<group>"; };
		7C361A702C3F0D9B006A5AFC /* NetworkManagerProtocol.swift */ = {isa = PBXFileReference; lastKnownFileType = sourcecode.swift; path = NetworkManagerProtocol.swift; sourceTree = "<group>"; };
		7C361A722C3F0DCB006A5AFC /* RequestEncoding.swift */ = {isa = PBXFileReference; lastKnownFileType = sourcecode.swift; path = RequestEncoding.swift; sourceTree = "<group>"; };
		7C361A742C3F0E5B006A5AFC /* RequestMethod.swift */ = {isa = PBXFileReference; lastKnownFileType = sourcecode.swift; path = RequestMethod.swift; sourceTree = "<group>"; };
		7C361A762C3F0E66006A5AFC /* RequestProtocol.swift */ = {isa = PBXFileReference; lastKnownFileType = sourcecode.swift; path = RequestProtocol.swift; sourceTree = "<group>"; };
		7C361A782C3F15FB006A5AFC /* Model.swift */ = {isa = PBXFileReference; lastKnownFileType = sourcecode.swift; path = Model.swift; sourceTree = "<group>"; };
		7C361A7A2C3F164E006A5AFC /* Movie.swift */ = {isa = PBXFileReference; lastKnownFileType = sourcecode.swift; path = Movie.swift; sourceTree = "<group>"; };
		7C361A7C2C3F1670006A5AFC /* TVShow.swift */ = {isa = PBXFileReference; lastKnownFileType = sourcecode.swift; path = TVShow.swift; sourceTree = "<group>"; };
		7C361A7E2C3F16B9006A5AFC /* GetPopularMoviesRequest.swift */ = {isa = PBXFileReference; lastKnownFileType = sourcecode.swift; path = GetPopularMoviesRequest.swift; sourceTree = "<group>"; };
		7C361A802C3F16CB006A5AFC /* GetPopularTVShowsRequest.swift */ = {isa = PBXFileReference; lastKnownFileType = sourcecode.swift; path = GetPopularTVShowsRequest.swift; sourceTree = "<group>"; };
		7C361A822C3F16EC006A5AFC /* GetMovieDetailsRequest.swift */ = {isa = PBXFileReference; lastKnownFileType = sourcecode.swift; path = GetMovieDetailsRequest.swift; sourceTree = "<group>"; };
		7C361A842C3F16FD006A5AFC /* GetTVShowDetailsRequest.swift */ = {isa = PBXFileReference; lastKnownFileType = sourcecode.swift; path = GetTVShowDetailsRequest.swift; sourceTree = "<group>"; };
		7C4178062C66406F00791C7E /* TabBarRoute.swift */ = {isa = PBXFileReference; lastKnownFileType = sourcecode.swift; path = TabBarRoute.swift; sourceTree = "<group>"; };
		7C4178082C66407700791C7E /* TabBarRouter.swift */ = {isa = PBXFileReference; lastKnownFileType = sourcecode.swift; path = TabBarRouter.swift; sourceTree = "<group>"; };
		7C41780A2C6640D500791C7E /* TabBarViewModel.swift */ = {isa = PBXFileReference; lastKnownFileType = sourcecode.swift; path = TabBarViewModel.swift; sourceTree = "<group>"; };
		7C56BA982C55373000556180 /* GetTrailerRequest.swift */ = {isa = PBXFileReference; lastKnownFileType = sourcecode.swift; path = GetTrailerRequest.swift; sourceTree = "<group>"; };
		7C56BA9A2C553D0700556180 /* GetDiscoverMoviesRequest.swift */ = {isa = PBXFileReference; lastKnownFileType = sourcecode.swift; path = GetDiscoverMoviesRequest.swift; sourceTree = "<group>"; };
		7C56BA9C2C55CDF700556180 /* SearchResultViewModel.swift */ = {isa = PBXFileReference; lastKnownFileType = sourcecode.swift; path = SearchResultViewModel.swift; sourceTree = "<group>"; };
		7C7332B02C343F8C0091ED66 /* ListItem.swift */ = {isa = PBXFileReference; lastKnownFileType = sourcecode.swift; path = ListItem.swift; sourceTree = "<group>"; };
		7C7332B22C343FB40091ED66 /* ListSection.swift */ = {isa = PBXFileReference; lastKnownFileType = sourcecode.swift; path = ListSection.swift; sourceTree = "<group>"; };
		7C7332B42C343FF10091ED66 /* MockData.swift */ = {isa = PBXFileReference; lastKnownFileType = sourcecode.swift; path = MockData.swift; sourceTree = "<group>"; };
		7C7332B72C3441030091ED66 /* PopularMoviesCollectionViewCell.swift */ = {isa = PBXFileReference; lastKnownFileType = sourcecode.swift; path = PopularMoviesCollectionViewCell.swift; sourceTree = "<group>"; };
		7C7332B92C3441140091ED66 /* PortraitCollectionViewCell.swift */ = {isa = PBXFileReference; lastKnownFileType = sourcecode.swift; path = PortraitCollectionViewCell.swift; sourceTree = "<group>"; };
		7C7332BB2C34412C0091ED66 /* LandscapeCollectionViewCell.swift */ = {isa = PBXFileReference; lastKnownFileType = sourcecode.swift; path = LandscapeCollectionViewCell.swift; sourceTree = "<group>"; };
		7C7332BD2C3441440091ED66 /* CollectionViewHeaderReusableView.swift */ = {isa = PBXFileReference; lastKnownFileType = sourcecode.swift; path = CollectionViewHeaderReusableView.swift; sourceTree = "<group>"; };
		7C88BDD42C5FEBED00C96831 /* MovieDetailRoute.swift */ = {isa = PBXFileReference; lastKnownFileType = sourcecode.swift; path = MovieDetailRoute.swift; sourceTree = "<group>"; };
		7C88BDD62C5FEBF500C96831 /* MovieDetailRouter.swift */ = {isa = PBXFileReference; lastKnownFileType = sourcecode.swift; path = MovieDetailRouter.swift; sourceTree = "<group>"; };
		7C88BDD82C603F7F00C96831 /* SearchRoute.swift */ = {isa = PBXFileReference; lastKnownFileType = sourcecode.swift; path = SearchRoute.swift; sourceTree = "<group>"; };
		7C88BDDA2C603F8800C96831 /* SearchRouter.swift */ = {isa = PBXFileReference; lastKnownFileType = sourcecode.swift; path = SearchRouter.swift; sourceTree = "<group>"; };
		7C88BDDC2C6041EB00C96831 /* SearchResultRoute.swift */ = {isa = PBXFileReference; lastKnownFileType = sourcecode.swift; path = SearchResultRoute.swift; sourceTree = "<group>"; };
		7C88BDDE2C6041F100C96831 /* SearchResultRouter.swift */ = {isa = PBXFileReference; lastKnownFileType = sourcecode.swift; path = SearchResultRouter.swift; sourceTree = "<group>"; };
		7C9619142C4A8C2100E92F3F /* GetNowPlayingMoviesRequest.swift */ = {isa = PBXFileReference; lastKnownFileType = sourcecode.swift; path = GetNowPlayingMoviesRequest.swift; sourceTree = "<group>"; };
		7C9619182C4A8DEF00E92F3F /* GetTopRatedMoviesRequest.swift */ = {isa = PBXFileReference; lastKnownFileType = sourcecode.swift; path = GetTopRatedMoviesRequest.swift; sourceTree = "<group>"; };
		7C96191A2C4A95AB00E92F3F /* GetTopRatedTVShowsRequest.swift */ = {isa = PBXFileReference; lastKnownFileType = sourcecode.swift; path = GetTopRatedTVShowsRequest.swift; sourceTree = "<group>"; };
		7C96191C2C4A984D00E92F3F /* GetTrendingTVShowsRequest.swift */ = {isa = PBXFileReference; lastKnownFileType = sourcecode.swift; path = GetTrendingTVShowsRequest.swift; sourceTree = "<group>"; };
		7C96191E2C4A992C00E92F3F /* GetOnTheAirTVShowsRequest.swift */ = {isa = PBXFileReference; lastKnownFileType = sourcecode.swift; path = GetOnTheAirTVShowsRequest.swift; sourceTree = "<group>"; };
		7C966CFE2C4EA7D4008B696F /* SearchTableViewCell.swift */ = {isa = PBXFileReference; lastKnownFileType = sourcecode.swift; path = SearchTableViewCell.swift; sourceTree = "<group>"; };
		7C96CFB82C505AD5003801C7 /* SearchRequests.swift */ = {isa = PBXFileReference; lastKnownFileType = sourcecode.swift; path = SearchRequests.swift; sourceTree = "<group>"; };
		7C96CFBA2C505B33003801C7 /* SearchViewModel.swift */ = {isa = PBXFileReference; lastKnownFileType = sourcecode.swift; path = SearchViewModel.swift; sourceTree = "<group>"; };
		7C982E982C45864300A8B2D6 /* CustomHeaderReusableView.swift */ = {isa = PBXFileReference; lastKnownFileType = sourcecode.swift; path = CustomHeaderReusableView.swift; sourceTree = "<group>"; };
		7CAB3F622C650D59000103DD /* GoogleService-Info.plist */ = {isa = PBXFileReference; fileEncoding = 4; lastKnownFileType = text.plist.xml; path = "GoogleService-Info.plist"; sourceTree = "<group>"; };
		7CAB5CE72C403EA10049D446 /* Config.swift */ = {isa = PBXFileReference; lastKnownFileType = sourcecode.swift; path = Config.swift; sourceTree = "<group>"; };
		7CC48C332C4EAE540052CD14 /* SearchResultViewController.swift */ = {isa = PBXFileReference; lastKnownFileType = sourcecode.swift; path = SearchResultViewController.swift; sourceTree = "<group>"; };
		7CC48C372C4EAEB40052CD14 /* TitlePreviewViewController.swift */ = {isa = PBXFileReference; lastKnownFileType = sourcecode.swift; path = TitlePreviewViewController.swift; sourceTree = "<group>"; };
		7CC48C392C4EAF5C0052CD14 /* TitlePreviewViewModel.swift */ = {isa = PBXFileReference; lastKnownFileType = sourcecode.swift; path = TitlePreviewViewModel.swift; sourceTree = "<group>"; };
		7CC48C3B2C4EAF740052CD14 /* YoutubeSearchResponse.swift */ = {isa = PBXFileReference; lastKnownFileType = sourcecode.swift; path = YoutubeSearchResponse.swift; sourceTree = "<group>"; };
		7CC48C3D2C4EAFAF0052CD14 /* SearchCollectionViewCell.swift */ = {isa = PBXFileReference; lastKnownFileType = sourcecode.swift; path = SearchCollectionViewCell.swift; sourceTree = "<group>"; };
		7CC48C3F2C4EB05D0052CD14 /* Constants.swift */ = {isa = PBXFileReference; lastKnownFileType = sourcecode.swift; path = Constants.swift; sourceTree = "<group>"; };
		7CD1432E2C395AD40089BAE7 /* MediumCollectionViewCell.swift */ = {isa = PBXFileReference; lastKnownFileType = sourcecode.swift; path = MediumCollectionViewCell.swift; sourceTree = "<group>"; };
		7CD6FD162C49A19800C266E1 /* GetTrendingMoviesRequest.swift */ = {isa = PBXFileReference; lastKnownFileType = sourcecode.swift; path = GetTrendingMoviesRequest.swift; sourceTree = "<group>"; };
		7CE75DC62C59409F00121DF6 /* GetMovieCreditsRequest.swift */ = {isa = PBXFileReference; lastKnownFileType = sourcecode.swift; path = GetMovieCreditsRequest.swift; sourceTree = "<group>"; };
		7CE75DCC2C597D1C00121DF6 /* Credits.swift */ = {isa = PBXFileReference; lastKnownFileType = sourcecode.swift; path = Credits.swift; sourceTree = "<group>"; };
		7CE75DCE2C59810200121DF6 /* YoutubeService.swift */ = {isa = PBXFileReference; lastKnownFileType = sourcecode.swift; path = YoutubeService.swift; sourceTree = "<group>"; };
		7CE75DD02C59811600121DF6 /* MovieService.swift */ = {isa = PBXFileReference; lastKnownFileType = sourcecode.swift; path = MovieService.swift; sourceTree = "<group>"; };
		7CF7E0A92C69E656007924B0 /* ListViewModel.swift */ = {isa = PBXFileReference; lastKnownFileType = sourcecode.swift; path = ListViewModel.swift; sourceTree = "<group>"; };
/* End PBXFileReference section */

/* Begin PBXFrameworksBuildPhase section */
		41B40BF82B6E966600F5697C /* Frameworks */ = {
			isa = PBXFrameworksBuildPhase;
			buildActionMask = 2147483647;
			files = (
				7CCDA58E2C4163F000D38B1E /* Alamofire in Frameworks */,
				7CAB5CED2C4065F90049D446 /* SDWebImage in Frameworks */,
				7CABC7272C43322B00DD7472 /* TinyConstraints in Frameworks */,
				7CAB5CEF2C4065F90049D446 /* SDWebImageMapKit in Frameworks */,
				416D45532B764A5800D3908A /* MobilliumIntroduction in Frameworks */,
				7C4178022C65F12C00791C7E /* GoogleSignIn in Frameworks */,
				7CAB3F5D2C65099E000103DD /* FirebaseAuth in Frameworks */,
				7CAB3F5F2C6509C4000103DD /* FirebaseDatabase in Frameworks */,
				7CAB3F532C64A3B3000103DD /* IQKeyboardManagerSwift in Frameworks */,
				7CAB3F612C6509E0000103DD /* FirebaseAnalytics in Frameworks */,
				7C4178042C65F12C00791C7E /* GoogleSignInSwift in Frameworks */,
			);
			runOnlyForDeploymentPostprocessing = 0;
		};
/* End PBXFrameworksBuildPhase section */

/* Begin PBXGroup section */
		410C7DB92B6FD611006E3233 /* Components */ = {
			isa = PBXGroup;
			children = (
				410C7DBA2B700100006E3233 /* MaButton.swift */,
				4195036D2B7A49C200BA9C7C /* MaTextField.swift */,
				7C1C07E62C5C493400828DFD /* MaRatingView.swift */,
			);
			path = Components;
			sourceTree = "<group>";
		};
		4118EBD22B740ABA00F9E6C1 /* Onboarding */ = {
			isa = PBXGroup;
			children = (
				4186CBE62B79469800E174F2 /* FirstOnboardingViewController.swift */,
				4118EBD32B740BD400F9E6C1 /* OnboardingViewController.swift */,
				4118EBD52B742D5D00F9E6C1 /* SwipeCell.swift */,
				4118EBD72B742D8800F9E6C1 /* SwipeItem.swift */,
				41CBB5BC2B9E262C00F15580 /* FirstOnboardingRouter.swift */,
				41CBB5BE2B9E263600F15580 /* FirstOnboardingRoute.swift */,
			);
			path = Onboarding;
			sourceTree = "<group>";
		};
		4142631B2B7EB212000AFDBE /* Login */ = {
			isa = PBXGroup;
			children = (
				411056A02B92231300CA42ED /* LoginModel.swift */,
				417B15A82B7F764E000BF1C9 /* LoginView.swift */,
				4110569E2B92069E00CA42ED /* LoginViewModel.swift */,
				417174E42B98F0DA0028F2FA /* LoginRoute.swift */,
				41FAD4072B90B6E300E316C1 /* LoginRouter.swift */,
			);
			path = Login;
			sourceTree = "<group>";
		};
		417174D42B98D9890028F2FA /* Router */ = {
			isa = PBXGroup;
			children = (
				417174D72B98DB390028F2FA /* Transition */,
				417174D52B98D9AF0028F2FA /* Router.swift */,
				417174DA2B98DBFF0028F2FA /* Animator.swift */,
				417174E22B98E57B0028F2FA /* AppRouter.swift */,
			);
			path = Router;
			sourceTree = "<group>";
		};
		417174D72B98DB390028F2FA /* Transition */ = {
			isa = PBXGroup;
			children = (
				417174D82B98DB450028F2FA /* Transition.swift */,
				417174DC2B98DC350028F2FA /* ModalTransition.swift */,
				417174DE2B98DFB90028F2FA /* PlaceOnWindowTransition.swift */,
				417174E02B98E12B0028F2FA /* PushTransition.swift */,
			);
			path = Transition;
			sourceTree = "<group>";
		};
		417174EC2B98F5300028F2FA /* ForgotPassword */ = {
			isa = PBXGroup;
			children = (
				4100646A2BEB82E800A91776 /* ForgotPasswordModel.swift */,
				417174F32B98F5AB0028F2FA /* ForgotPasswordView.swift */,
				4100646C2BEB82F800A91776 /* ForgotPasswordViewModel.swift */,
				417174ED2B98F5430028F2FA /* ForgotPasswordRoute.swift */,
				417174EF2B98F5560028F2FA /* ForgotPasswordRouter.swift */,
			);
			path = ForgotPassword;
			sourceTree = "<group>";
		};
		4179E3022B87F03E00F0FEEE /* Register */ = {
			isa = PBXGroup;
			children = (
				415FED412BE671B600CA42FC /* RegisterModel.swift */,
				4179E3032B87F05400F0FEEE /* RegisterView.swift */,
				41BC70892B9340F6005048B0 /* RegisterViewModel.swift */,
				417174E62B98F2ED0028F2FA /* RegisterRoute.swift */,
				417174EA2B98F3AB0028F2FA /* RegisterRouter.swift */,
			);
			path = Register;
			sourceTree = "<group>";
		};
		41B40BF22B6E966600F5697C = {
			isa = PBXGroup;
			children = (
				41B40BFD2B6E966600F5697C /* MovieApp */,
				41B40BFC2B6E966600F5697C /* Products */,
				7CAB3F5B2C65099E000103DD /* Frameworks */,
			);
			sourceTree = "<group>";
		};
		41B40BFC2B6E966600F5697C /* Products */ = {
			isa = PBXGroup;
			children = (
				41B40BFB2B6E966600F5697C /* MovieApp.app */,
			);
			name = Products;
			sourceTree = "<group>";
		};
		41B40BFD2B6E966600F5697C /* MovieApp */ = {
			isa = PBXGroup;
			children = (
				417174D42B98D9890028F2FA /* Router */,
				410C7DB92B6FD611006E3233 /* Components */,
				41B40BFE2B6E966600F5697C /* Network */,
				41B40C082B6E966600F5697C /* Helper */,
				41B40C192B6E966600F5697C /* App */,
				41B40C1E2B6E966600F5697C /* Scene */,
				41B40C222B6E966600F5697C /* Support */,
				41B40C252B6E966700F5697C /* Resources */,
				41B40C282B6E966700F5697C /* Storyboard */,
			);
			path = MovieApp;
			sourceTree = "<group>";
		};
		41B40BFE2B6E966600F5697C /* Network */ = {
			isa = PBXGroup;
			children = (
				41B40BFF2B6E966600F5697C /* Manager */,
				41B40C022B6E966600F5697C /* Service */,
				41B40C052B6E966600F5697C /* Model */,
				7C7332B02C343F8C0091ED66 /* ListItem.swift */,
				7C7332B42C343FF10091ED66 /* MockData.swift */,
				7C7332B22C343FB40091ED66 /* ListSection.swift */,
			);
			path = Network;
			sourceTree = "<group>";
		};
		41B40BFF2B6E966600F5697C /* Manager */ = {
			isa = PBXGroup;
			children = (
				7C361A692C3F0D4C006A5AFC /* NetworkManager.swift */,
				7C361A702C3F0D9B006A5AFC /* NetworkManagerProtocol.swift */,
				7C361A722C3F0DCB006A5AFC /* RequestEncoding.swift */,
				7C361A742C3F0E5B006A5AFC /* RequestMethod.swift */,
				7C361A762C3F0E66006A5AFC /* RequestProtocol.swift */,
			);
			path = Manager;
			sourceTree = "<group>";
		};
		41B40C022B6E966600F5697C /* Service */ = {
			isa = PBXGroup;
			children = (
				7C9619162C4A8C2F00E92F3F /* MovieRequests */,
				7C9619172C4A8C4F00E92F3F /* TVRequest */,
				7C56BA982C55373000556180 /* GetTrailerRequest.swift */,
				7CE75DCE2C59810200121DF6 /* YoutubeService.swift */,
				7C2996F92C5E5821000BC2B3 /* TVShowService.swift */,
				7CE75DD02C59811600121DF6 /* MovieService.swift */,
				7CC48C3B2C4EAF740052CD14 /* YoutubeSearchResponse.swift */,
			);
			path = Service;
			sourceTree = "<group>";
		};
		41B40C052B6E966600F5697C /* Model */ = {
			isa = PBXGroup;
			children = (
				7C361A782C3F15FB006A5AFC /* Model.swift */,
				7C361A7A2C3F164E006A5AFC /* Movie.swift */,
				7CE75DCC2C597D1C00121DF6 /* Credits.swift */,
				7C361A7C2C3F1670006A5AFC /* TVShow.swift */,
				7C2996F72C5E51C8000BC2B3 /* TvCredits.swift */,
			);
			path = Model;
			sourceTree = "<group>";
		};
		41B40C082B6E966600F5697C /* Helper */ = {
			isa = PBXGroup;
			children = (
				41B40C092B6E966600F5697C /* Constants */,
				41B40C0C2B6E966600F5697C /* ColorManager */,
				41B40C0F2B6E966600F5697C /* FontManager */,
				41B40C122B6E966600F5697C /* Extensions */,
			);
			path = Helper;
			sourceTree = "<group>";
		};
		41B40C092B6E966600F5697C /* Constants */ = {
			isa = PBXGroup;
			children = (
				7CC48C3F2C4EB05D0052CD14 /* Constants.swift */,
			);
			path = Constants;
			sourceTree = "<group>";
		};
		41B40C0C2B6E966600F5697C /* ColorManager */ = {
			isa = PBXGroup;
			children = (
				41B40C0D2B6E966600F5697C /* ColorManager.swift */,
			);
			path = ColorManager;
			sourceTree = "<group>";
		};
		41B40C0F2B6E966600F5697C /* FontManager */ = {
			isa = PBXGroup;
			children = (
				41B40C102B6E966600F5697C /* FontManager.swift */,
			);
			path = FontManager;
			sourceTree = "<group>";
		};
		41B40C122B6E966600F5697C /* Extensions */ = {
			isa = PBXGroup;
			children = (
				41B40C132B6E966600F5697C /* NotificationCenter+Extension.swift */,
				41B40C152B6E966600F5697C /* String+Extension.swift */,
				41B40C172B6E966600F5697C /* UIColor+Extension.swift */,
			);
			path = Extensions;
			sourceTree = "<group>";
		};
		41B40C192B6E966600F5697C /* App */ = {
			isa = PBXGroup;
			children = (
				41B40C1A2B6E966600F5697C /* AppDelegate.swift */,
				41B40C1C2B6E966600F5697C /* SceneDelegate.swift */,
			);
			path = App;
			sourceTree = "<group>";
		};
		41B40C1E2B6E966600F5697C /* Scene */ = {
			isa = PBXGroup;
			children = (
				7C4178052C66405C00791C7E /* TabBar */,
				417174EC2B98F5300028F2FA /* ForgotPassword */,
				4179E3022B87F03E00F0FEEE /* Register */,
				4142631B2B7EB212000AFDBE /* Login */,
				4118EBD22B740ABA00F9E6C1 /* Onboarding */,
				41B40C1F2B6E966600F5697C /* Home */,
				7C21B0982C316C43006877E1 /* Search */,
				7C21B09A2C316D26006877E1 /* Profile */,
				7C21B0992C316C5E006877E1 /* Lists */,
			);
			path = Scene;
			sourceTree = "<group>";
		};
		41B40C1F2B6E966600F5697C /* Home */ = {
			isa = PBXGroup;
			children = (
				7C7332B62C3440F10091ED66 /* Cells */,
				410694542BF4E88B0011A683 /* HomeModel.swift */,
				41B40C202B6E966600F5697C /* HomeView.swift */,
				410694562BF4E8B40011A683 /* HomeViewModel.swift */,
				417174E82B98F3050028F2FA /* HomeRoute.swift */,
				417174F52B98F66A0028F2FA /* HomeRouter.swift */,
			);
			path = Home;
			sourceTree = "<group>";
		};
		41B40C222B6E966600F5697C /* Support */ = {
			isa = PBXGroup;
			children = (
				7CAB3F622C650D59000103DD /* GoogleService-Info.plist */,
				41B40C232B6E966600F5697C /* Info.plist */,
				7CAB5CE72C403EA10049D446 /* Config.swift */,
			);
			path = Support;
			sourceTree = "<group>";
		};
		41B40C252B6E966700F5697C /* Resources */ = {
			isa = PBXGroup;
			children = (
				41B40C262B6E966700F5697C /* Assets.xcassets */,
			);
			path = Resources;
			sourceTree = "<group>";
		};
		41B40C282B6E966700F5697C /* Storyboard */ = {
			isa = PBXGroup;
			children = (
				41B40C292B6E966700F5697C /* LaunchScreen.storyboard */,
			);
			path = Storyboard;
			sourceTree = "<group>";
		};
		7C21B0982C316C43006877E1 /* Search */ = {
			isa = PBXGroup;
			children = (
				7C55643D2C4FEDCC00F2C0A6 /* Search */,
				7C55643C2C4FEDBA00F2C0A6 /* SearchResult */,
				7C55643E2C4FEDDA00F2C0A6 /* MovieDetail */,
			);
			path = Search;
			sourceTree = "<group>";
		};
		7C21B0992C316C5E006877E1 /* Lists */ = {
			isa = PBXGroup;
			children = (
				7C21B0A32C316E25006877E1 /* ListView.swift */,
				7CF7E0A92C69E656007924B0 /* ListViewModel.swift */,
			);
			path = Lists;
			sourceTree = "<group>";
		};
		7C21B09A2C316D26006877E1 /* Profile */ = {
			isa = PBXGroup;
			children = (
				7C21B0A12C316E19006877E1 /* ProfileView.swift */,
			);
			path = Profile;
			sourceTree = "<group>";
		};
		7C4178052C66405C00791C7E /* TabBar */ = {
			isa = PBXGroup;
			children = (
				7C21B0962C316A4C006877E1 /* MainTabBarViewController.swift */,
				7C41780A2C6640D500791C7E /* TabBarViewModel.swift */,
				7C4178062C66406F00791C7E /* TabBarRoute.swift */,
				7C4178082C66407700791C7E /* TabBarRouter.swift */,
			);
			path = TabBar;
			sourceTree = "<group>";
		};
		7C55643C2C4FEDBA00F2C0A6 /* SearchResult */ = {
			isa = PBXGroup;
			children = (
				7CC48C332C4EAE540052CD14 /* SearchResultViewController.swift */,
				7CC48C3D2C4EAFAF0052CD14 /* SearchCollectionViewCell.swift */,
				7C56BA9C2C55CDF700556180 /* SearchResultViewModel.swift */,
				7C88BDDC2C6041EB00C96831 /* SearchResultRoute.swift */,
				7C88BDDE2C6041F100C96831 /* SearchResultRouter.swift */,
			);
			path = SearchResult;
			sourceTree = "<group>";
		};
		7C55643D2C4FEDCC00F2C0A6 /* Search */ = {
			isa = PBXGroup;
			children = (
				7C21B09F2C316E06006877E1 /* SearchView.swift */,
				7C966CFE2C4EA7D4008B696F /* SearchTableViewCell.swift */,
				7C96CFBA2C505B33003801C7 /* SearchViewModel.swift */,
				7C88BDD82C603F7F00C96831 /* SearchRoute.swift */,
				7C88BDDA2C603F8800C96831 /* SearchRouter.swift */,
			);
			path = Search;
			sourceTree = "<group>";
		};
		7C55643E2C4FEDDA00F2C0A6 /* MovieDetail */ = {
			isa = PBXGroup;
			children = (
				7CC48C372C4EAEB40052CD14 /* TitlePreviewViewController.swift */,
				7CC48C392C4EAF5C0052CD14 /* TitlePreviewViewModel.swift */,
				7C88BDD42C5FEBED00C96831 /* MovieDetailRoute.swift */,
				7C88BDD62C5FEBF500C96831 /* MovieDetailRouter.swift */,
			);
			path = MovieDetail;
			sourceTree = "<group>";
		};
		7C7332B62C3440F10091ED66 /* Cells */ = {
			isa = PBXGroup;
			children = (
				7C7332B72C3441030091ED66 /* PopularMoviesCollectionViewCell.swift */,
				7C7332B92C3441140091ED66 /* PortraitCollectionViewCell.swift */,
				7C7332BB2C34412C0091ED66 /* LandscapeCollectionViewCell.swift */,
				7C7332BD2C3441440091ED66 /* CollectionViewHeaderReusableView.swift */,
				7CD1432E2C395AD40089BAE7 /* MediumCollectionViewCell.swift */,
				7C982E982C45864300A8B2D6 /* CustomHeaderReusableView.swift */,
			);
			path = Cells;
			sourceTree = "<group>";
		};
		7C9619162C4A8C2F00E92F3F /* MovieRequests */ = {
			isa = PBXGroup;
			children = (
				7C361A7E2C3F16B9006A5AFC /* GetPopularMoviesRequest.swift */,
				7CD6FD162C49A19800C266E1 /* GetTrendingMoviesRequest.swift */,
				7C9619182C4A8DEF00E92F3F /* GetTopRatedMoviesRequest.swift */,
				7C9619142C4A8C2100E92F3F /* GetNowPlayingMoviesRequest.swift */,
				7C56BA9A2C553D0700556180 /* GetDiscoverMoviesRequest.swift */,
				7C361A822C3F16EC006A5AFC /* GetMovieDetailsRequest.swift */,
				7CE75DC62C59409F00121DF6 /* GetMovieCreditsRequest.swift */,
				7C96CFB82C505AD5003801C7 /* SearchRequests.swift */,
			);
			path = MovieRequests;
			sourceTree = "<group>";
		};
		7C9619172C4A8C4F00E92F3F /* TVRequest */ = {
			isa = PBXGroup;
			children = (
				7C361A802C3F16CB006A5AFC /* GetPopularTVShowsRequest.swift */,
				7C96191A2C4A95AB00E92F3F /* GetTopRatedTVShowsRequest.swift */,
				7C96191C2C4A984D00E92F3F /* GetTrendingTVShowsRequest.swift */,
				7C96191E2C4A992C00E92F3F /* GetOnTheAirTVShowsRequest.swift */,
				7C361A842C3F16FD006A5AFC /* GetTVShowDetailsRequest.swift */,
				7C2996FB2C5E58FD000BC2B3 /* GetSearchTVShowsRequest.swift */,
				7C2996FF2C5E7EFE000BC2B3 /* GetTVShowCreditsRequest.swift */,
			);
			path = TVRequest;
			sourceTree = "<group>";
		};
		7CAB3F5B2C65099E000103DD /* Frameworks */ = {
			isa = PBXGroup;
			children = (
			);
			name = Frameworks;
			sourceTree = "<group>";
		};
/* End PBXGroup section */

/* Begin PBXNativeTarget section */
		41B40BFA2B6E966600F5697C /* MovieApp */ = {
			isa = PBXNativeTarget;
			buildConfigurationList = 41B40C2D2B6E966700F5697C /* Build configuration list for PBXNativeTarget "MovieApp" */;
			buildPhases = (
				41B40BF72B6E966600F5697C /* Sources */,
				41B40BF82B6E966600F5697C /* Frameworks */,
				41B40BF92B6E966600F5697C /* Resources */,
			);
			buildRules = (
			);
			dependencies = (
			);
			name = MovieApp;
			packageProductDependencies = (
				416D45522B764A5800D3908A /* MobilliumIntroduction */,
				7CAB5CEC2C4065F90049D446 /* SDWebImage */,
				7CAB5CEE2C4065F90049D446 /* SDWebImageMapKit */,
				7CCDA58D2C4163F000D38B1E /* Alamofire */,
				7CABC7262C43322B00DD7472 /* TinyConstraints */,
				7CAB3F522C64A3B3000103DD /* IQKeyboardManagerSwift */,
				7CAB3F5C2C65099E000103DD /* FirebaseAuth */,
				7CAB3F5E2C6509C4000103DD /* FirebaseDatabase */,
				7CAB3F602C6509E0000103DD /* FirebaseAnalytics */,
				7C4178012C65F12C00791C7E /* GoogleSignIn */,
				7C4178032C65F12C00791C7E /* GoogleSignInSwift */,
			);
			productName = MovieApp;
			productReference = 41B40BFB2B6E966600F5697C /* MovieApp.app */;
			productType = "com.apple.product-type.application";
		};
/* End PBXNativeTarget section */

/* Begin PBXProject section */
		41B40BF32B6E966600F5697C /* Project object */ = {
			isa = PBXProject;
			attributes = {
				BuildIndependentTargetsInParallel = 1;
				LastSwiftUpdateCheck = 1520;
				LastUpgradeCheck = 1520;
				TargetAttributes = {
					41B40BFA2B6E966600F5697C = {
						CreatedOnToolsVersion = 15.2;
					};
				};
			};
			buildConfigurationList = 41B40BF62B6E966600F5697C /* Build configuration list for PBXProject "MovieApp" */;
			compatibilityVersion = "Xcode 14.0";
			developmentRegion = en;
			hasScannedForEncodings = 0;
			knownRegions = (
				en,
				Base,
			);
			mainGroup = 41B40BF22B6E966600F5697C;
			packageReferences = (
				416D45512B764A5800D3908A /* XCRemoteSwiftPackageReference "MobilliumIntroduction" */,
				7C361A6B2C3F0D71006A5AFC /* XCRemoteSwiftPackageReference "Alamofire" */,
				7CAB5CEB2C4065F90049D446 /* XCRemoteSwiftPackageReference "SDWebImage" */,
				7CABC7252C43322B00DD7472 /* XCRemoteSwiftPackageReference "TinyConstraints" */,
				7CAB3F512C64A3B3000103DD /* XCRemoteSwiftPackageReference "IQKeyboardManager" */,
				7CAB3F582C6506FF000103DD /* XCRemoteSwiftPackageReference "firebase-ios-sdk" */,
				7C4178002C65F12C00791C7E /* XCRemoteSwiftPackageReference "GoogleSignIn-iOS" */,
			);
			productRefGroup = 41B40BFC2B6E966600F5697C /* Products */;
			projectDirPath = "";
			projectRoot = "";
			targets = (
				41B40BFA2B6E966600F5697C /* MovieApp */,
			);
		};
/* End PBXProject section */

/* Begin PBXResourcesBuildPhase section */
		41B40BF92B6E966600F5697C /* Resources */ = {
			isa = PBXResourcesBuildPhase;
			buildActionMask = 2147483647;
			files = (
				41B40C2A2B6E966700F5697C /* LaunchScreen.storyboard in Resources */,
				41B40C272B6E966700F5697C /* Assets.xcassets in Resources */,
				7CAB3F632C650D59000103DD /* GoogleService-Info.plist in Resources */,
			);
			runOnlyForDeploymentPostprocessing = 0;
		};
/* End PBXResourcesBuildPhase section */

/* Begin PBXSourcesBuildPhase section */
		41B40BF72B6E966600F5697C /* Sources */ = {
			isa = PBXSourcesBuildPhase;
			buildActionMask = 2147483647;
			files = (
				7C2997002C5E7EFE000BC2B3 /* GetTVShowCreditsRequest.swift in Sources */,
				7C2996FC2C5E58FD000BC2B3 /* GetSearchTVShowsRequest.swift in Sources */,
				7C9619192C4A8DEF00E92F3F /* GetTopRatedMoviesRequest.swift in Sources */,
				7C361A6A2C3F0D4C006A5AFC /* NetworkManager.swift in Sources */,
				417174F02B98F5560028F2FA /* ForgotPasswordRouter.swift in Sources */,
				7C361A792C3F15FB006A5AFC /* Model.swift in Sources */,
				41B40C162B6E966600F5697C /* String+Extension.swift in Sources */,
				7C7332BC2C34412C0091ED66 /* LandscapeCollectionViewCell.swift in Sources */,
				417174E32B98E57B0028F2FA /* AppRouter.swift in Sources */,
				7C1C07E72C5C493400828DFD /* MaRatingView.swift in Sources */,
				7C2996F82C5E51C8000BC2B3 /* TvCredits.swift in Sources */,
				7C361A852C3F16FD006A5AFC /* GetTVShowDetailsRequest.swift in Sources */,
				4179E3042B87F05400F0FEEE /* RegisterView.swift in Sources */,
				7C982E992C45864300A8B2D6 /* CustomHeaderReusableView.swift in Sources */,
				7C361A812C3F16CB006A5AFC /* GetPopularTVShowsRequest.swift in Sources */,
				7CC48C382C4EAEB40052CD14 /* TitlePreviewViewController.swift in Sources */,
				417174EE2B98F5430028F2FA /* ForgotPasswordRoute.swift in Sources */,
				7C7332B52C343FF10091ED66 /* MockData.swift in Sources */,
				41CBB5BD2B9E262C00F15580 /* FirstOnboardingRouter.swift in Sources */,
				7CC48C3C2C4EAF740052CD14 /* YoutubeSearchResponse.swift in Sources */,
				417174D62B98D9AF0028F2FA /* Router.swift in Sources */,
				7C361A712C3F0D9B006A5AFC /* NetworkManagerProtocol.swift in Sources */,
				4110569F2B92069E00CA42ED /* LoginViewModel.swift in Sources */,
				7CE75DCF2C59810200121DF6 /* YoutubeService.swift in Sources */,
				7CE75DCD2C597D1C00121DF6 /* Credits.swift in Sources */,
				7C88BDD92C603F7F00C96831 /* SearchRoute.swift in Sources */,
				7C7332B32C343FB40091ED66 /* ListSection.swift in Sources */,
				7CD1432F2C395AD40089BAE7 /* MediumCollectionViewCell.swift in Sources */,
				7C361A832C3F16EC006A5AFC /* GetMovieDetailsRequest.swift in Sources */,
				7CE75DC72C59409F00121DF6 /* GetMovieCreditsRequest.swift in Sources */,
				4118EBD82B742D8800F9E6C1 /* SwipeItem.swift in Sources */,
				417174D92B98DB450028F2FA /* Transition.swift in Sources */,
				7C361A7D2C3F1670006A5AFC /* TVShow.swift in Sources */,
				7CAB5CE82C403EA10049D446 /* Config.swift in Sources */,
				7C88BDDD2C6041EB00C96831 /* SearchResultRoute.swift in Sources */,
				7C41780B2C6640D500791C7E /* TabBarViewModel.swift in Sources */,
				7C21B0972C316A4C006877E1 /* MainTabBarViewController.swift in Sources */,
				7CC48C3A2C4EAF5C0052CD14 /* TitlePreviewViewModel.swift in Sources */,
				7C7332BE2C3441440091ED66 /* CollectionViewHeaderReusableView.swift in Sources */,
				7C361A732C3F0DCB006A5AFC /* RequestEncoding.swift in Sources */,
				417174F42B98F5AB0028F2FA /* ForgotPasswordView.swift in Sources */,
				7C9619152C4A8C2100E92F3F /* GetNowPlayingMoviesRequest.swift in Sources */,
				4118EBD62B742D5D00F9E6C1 /* SwipeCell.swift in Sources */,
				7C361A7F2C3F16B9006A5AFC /* GetPopularMoviesRequest.swift in Sources */,
				41FAD4082B90B6E300E316C1 /* LoginRouter.swift in Sources */,
				7C56BA9B2C553D0700556180 /* GetDiscoverMoviesRequest.swift in Sources */,
				410C7DBB2B700100006E3233 /* MaButton.swift in Sources */,
				417174E12B98E12B0028F2FA /* PushTransition.swift in Sources */,
				41B40C212B6E966600F5697C /* HomeView.swift in Sources */,
				410694572BF4E8B40011A683 /* HomeViewModel.swift in Sources */,
				41CBB5BF2B9E263600F15580 /* FirstOnboardingRoute.swift in Sources */,
				7C361A752C3F0E5B006A5AFC /* RequestMethod.swift in Sources */,
				7C7332B82C3441030091ED66 /* PopularMoviesCollectionViewCell.swift in Sources */,
				41B40C0E2B6E966600F5697C /* ColorManager.swift in Sources */,
				7C88BDD52C5FEBED00C96831 /* MovieDetailRoute.swift in Sources */,
				7C96191B2C4A95AB00E92F3F /* GetTopRatedTVShowsRequest.swift in Sources */,
				417174DD2B98DC350028F2FA /* ModalTransition.swift in Sources */,
				41B40C182B6E966600F5697C /* UIColor+Extension.swift in Sources */,
				7C4178072C66406F00791C7E /* TabBarRoute.swift in Sources */,
				417174F62B98F66A0028F2FA /* HomeRouter.swift in Sources */,
				7C88BDDB2C603F8800C96831 /* SearchRouter.swift in Sources */,
				410694552BF4E88B0011A683 /* HomeModel.swift in Sources */,
				7CD6FD172C49A19800C266E1 /* GetTrendingMoviesRequest.swift in Sources */,
				7C21B0A22C316E19006877E1 /* ProfileView.swift in Sources */,
				7C56BA992C55373000556180 /* GetTrailerRequest.swift in Sources */,
				7CF7E0AA2C69E656007924B0 /* ListViewModel.swift in Sources */,
				41B40C142B6E966600F5697C /* NotificationCenter+Extension.swift in Sources */,
				7C7332BA2C3441140091ED66 /* PortraitCollectionViewCell.swift in Sources */,
				417174E92B98F3050028F2FA /* HomeRoute.swift in Sources */,
				7C96191D2C4A984D00E92F3F /* GetTrendingTVShowsRequest.swift in Sources */,
				7C96191F2C4A992C00E92F3F /* GetOnTheAirTVShowsRequest.swift in Sources */,
				417174DB2B98DBFF0028F2FA /* Animator.swift in Sources */,
				415FED422BE671B600CA42FC /* RegisterModel.swift in Sources */,
				417174E52B98F0DA0028F2FA /* LoginRoute.swift in Sources */,
				7C88BDD72C5FEBF500C96831 /* MovieDetailRouter.swift in Sources */,
				7C21B0A42C316E25006877E1 /* ListView.swift in Sources */,
				411056A12B92231300CA42ED /* LoginModel.swift in Sources */,
				4186CBE72B79469800E174F2 /* FirstOnboardingViewController.swift in Sources */,
				7C88BDDF2C6041F100C96831 /* SearchResultRouter.swift in Sources */,
				41B40C1D2B6E966600F5697C /* SceneDelegate.swift in Sources */,
				4100646B2BEB82E800A91776 /* ForgotPasswordModel.swift in Sources */,
				4195036E2B7A49C200BA9C7C /* MaTextField.swift in Sources */,
				7CE75DD12C59811600121DF6 /* MovieService.swift in Sources */,
				417174EB2B98F3AB0028F2FA /* RegisterRouter.swift in Sources */,
				7C21B0A02C316E06006877E1 /* SearchView.swift in Sources */,
				7C361A7B2C3F164E006A5AFC /* Movie.swift in Sources */,
				41B40C112B6E966600F5697C /* FontManager.swift in Sources */,
				7C96CFB92C505AD5003801C7 /* SearchRequests.swift in Sources */,
				41BC708A2B9340F6005048B0 /* RegisterViewModel.swift in Sources */,
				7C2996FA2C5E5821000BC2B3 /* TVShowService.swift in Sources */,
				4118EBD42B740BD400F9E6C1 /* OnboardingViewController.swift in Sources */,
				417174DF2B98DFB90028F2FA /* PlaceOnWindowTransition.swift in Sources */,
				7C96CFBB2C505B33003801C7 /* SearchViewModel.swift in Sources */,
				417B15A92B7F764E000BF1C9 /* LoginView.swift in Sources */,
				7C7332B12C343F8C0091ED66 /* ListItem.swift in Sources */,
				4100646D2BEB82F800A91776 /* ForgotPasswordViewModel.swift in Sources */,
				41B40C1B2B6E966600F5697C /* AppDelegate.swift in Sources */,
				7C966CFF2C4EA7D4008B696F /* SearchTableViewCell.swift in Sources */,
				417174E72B98F2ED0028F2FA /* RegisterRoute.swift in Sources */,
				7CC48C402C4EB05D0052CD14 /* Constants.swift in Sources */,
				7CC48C3E2C4EAFAF0052CD14 /* SearchCollectionViewCell.swift in Sources */,
				7C361A772C3F0E66006A5AFC /* RequestProtocol.swift in Sources */,
				7CC48C342C4EAE540052CD14 /* SearchResultViewController.swift in Sources */,
				7C4178092C66407700791C7E /* TabBarRouter.swift in Sources */,
				7C56BA9D2C55CDF700556180 /* SearchResultViewModel.swift in Sources */,
			);
			runOnlyForDeploymentPostprocessing = 0;
		};
/* End PBXSourcesBuildPhase section */

/* Begin XCBuildConfiguration section */
		41B40C2B2B6E966700F5697C /* Debug */ = {
			isa = XCBuildConfiguration;
			buildSettings = {
				ALWAYS_SEARCH_USER_PATHS = NO;
				ASSETCATALOG_COMPILER_GENERATE_SWIFT_ASSET_SYMBOL_EXTENSIONS = YES;
				CLANG_ANALYZER_NONNULL = YES;
				CLANG_ANALYZER_NUMBER_OBJECT_CONVERSION = YES_AGGRESSIVE;
				CLANG_CXX_LANGUAGE_STANDARD = "gnu++20";
				CLANG_ENABLE_MODULES = YES;
				CLANG_ENABLE_OBJC_ARC = YES;
				CLANG_ENABLE_OBJC_WEAK = YES;
				CLANG_WARN_BLOCK_CAPTURE_AUTORELEASING = YES;
				CLANG_WARN_BOOL_CONVERSION = YES;
				CLANG_WARN_COMMA = YES;
				CLANG_WARN_CONSTANT_CONVERSION = YES;
				CLANG_WARN_DEPRECATED_OBJC_IMPLEMENTATIONS = YES;
				CLANG_WARN_DIRECT_OBJC_ISA_USAGE = YES_ERROR;
				CLANG_WARN_DOCUMENTATION_COMMENTS = YES;
				CLANG_WARN_EMPTY_BODY = YES;
				CLANG_WARN_ENUM_CONVERSION = YES;
				CLANG_WARN_INFINITE_RECURSION = YES;
				CLANG_WARN_INT_CONVERSION = YES;
				CLANG_WARN_NON_LITERAL_NULL_CONVERSION = YES;
				CLANG_WARN_OBJC_IMPLICIT_RETAIN_SELF = YES;
				CLANG_WARN_OBJC_LITERAL_CONVERSION = YES;
				CLANG_WARN_OBJC_ROOT_CLASS = YES_ERROR;
				CLANG_WARN_QUOTED_INCLUDE_IN_FRAMEWORK_HEADER = YES;
				CLANG_WARN_RANGE_LOOP_ANALYSIS = YES;
				CLANG_WARN_STRICT_PROTOTYPES = YES;
				CLANG_WARN_SUSPICIOUS_MOVE = YES;
				CLANG_WARN_UNGUARDED_AVAILABILITY = YES_AGGRESSIVE;
				CLANG_WARN_UNREACHABLE_CODE = YES;
				CLANG_WARN__DUPLICATE_METHOD_MATCH = YES;
				COPY_PHASE_STRIP = NO;
				DEBUG_INFORMATION_FORMAT = dwarf;
				ENABLE_STRICT_OBJC_MSGSEND = YES;
				ENABLE_TESTABILITY = YES;
				ENABLE_USER_SCRIPT_SANDBOXING = YES;
				GCC_C_LANGUAGE_STANDARD = gnu17;
				GCC_DYNAMIC_NO_PIC = NO;
				GCC_NO_COMMON_BLOCKS = YES;
				GCC_OPTIMIZATION_LEVEL = 0;
				GCC_PREPROCESSOR_DEFINITIONS = (
					"DEBUG=1",
					"$(inherited)",
				);
				GCC_WARN_64_TO_32_BIT_CONVERSION = YES;
				GCC_WARN_ABOUT_RETURN_TYPE = YES_ERROR;
				GCC_WARN_UNDECLARED_SELECTOR = YES;
				GCC_WARN_UNINITIALIZED_AUTOS = YES_AGGRESSIVE;
				GCC_WARN_UNUSED_FUNCTION = YES;
				GCC_WARN_UNUSED_VARIABLE = YES;
				IPHONEOS_DEPLOYMENT_TARGET = 17.2;
				LOCALIZATION_PREFERS_STRING_CATALOGS = YES;
				MTL_ENABLE_DEBUG_INFO = INCLUDE_SOURCE;
				MTL_FAST_MATH = YES;
				ONLY_ACTIVE_ARCH = YES;
				SDKROOT = iphoneos;
				SWIFT_ACTIVE_COMPILATION_CONDITIONS = "DEBUG $(inherited)";
				SWIFT_OPTIMIZATION_LEVEL = "-Onone";
			};
			name = Debug;
		};
		41B40C2C2B6E966700F5697C /* Release */ = {
			isa = XCBuildConfiguration;
			buildSettings = {
				ALWAYS_SEARCH_USER_PATHS = NO;
				ASSETCATALOG_COMPILER_GENERATE_SWIFT_ASSET_SYMBOL_EXTENSIONS = YES;
				CLANG_ANALYZER_NONNULL = YES;
				CLANG_ANALYZER_NUMBER_OBJECT_CONVERSION = YES_AGGRESSIVE;
				CLANG_CXX_LANGUAGE_STANDARD = "gnu++20";
				CLANG_ENABLE_MODULES = YES;
				CLANG_ENABLE_OBJC_ARC = YES;
				CLANG_ENABLE_OBJC_WEAK = YES;
				CLANG_WARN_BLOCK_CAPTURE_AUTORELEASING = YES;
				CLANG_WARN_BOOL_CONVERSION = YES;
				CLANG_WARN_COMMA = YES;
				CLANG_WARN_CONSTANT_CONVERSION = YES;
				CLANG_WARN_DEPRECATED_OBJC_IMPLEMENTATIONS = YES;
				CLANG_WARN_DIRECT_OBJC_ISA_USAGE = YES_ERROR;
				CLANG_WARN_DOCUMENTATION_COMMENTS = YES;
				CLANG_WARN_EMPTY_BODY = YES;
				CLANG_WARN_ENUM_CONVERSION = YES;
				CLANG_WARN_INFINITE_RECURSION = YES;
				CLANG_WARN_INT_CONVERSION = YES;
				CLANG_WARN_NON_LITERAL_NULL_CONVERSION = YES;
				CLANG_WARN_OBJC_IMPLICIT_RETAIN_SELF = YES;
				CLANG_WARN_OBJC_LITERAL_CONVERSION = YES;
				CLANG_WARN_OBJC_ROOT_CLASS = YES_ERROR;
				CLANG_WARN_QUOTED_INCLUDE_IN_FRAMEWORK_HEADER = YES;
				CLANG_WARN_RANGE_LOOP_ANALYSIS = YES;
				CLANG_WARN_STRICT_PROTOTYPES = YES;
				CLANG_WARN_SUSPICIOUS_MOVE = YES;
				CLANG_WARN_UNGUARDED_AVAILABILITY = YES_AGGRESSIVE;
				CLANG_WARN_UNREACHABLE_CODE = YES;
				CLANG_WARN__DUPLICATE_METHOD_MATCH = YES;
				COPY_PHASE_STRIP = NO;
				DEBUG_INFORMATION_FORMAT = "dwarf-with-dsym";
				ENABLE_NS_ASSERTIONS = NO;
				ENABLE_STRICT_OBJC_MSGSEND = YES;
				ENABLE_USER_SCRIPT_SANDBOXING = YES;
				GCC_C_LANGUAGE_STANDARD = gnu17;
				GCC_NO_COMMON_BLOCKS = YES;
				GCC_WARN_64_TO_32_BIT_CONVERSION = YES;
				GCC_WARN_ABOUT_RETURN_TYPE = YES_ERROR;
				GCC_WARN_UNDECLARED_SELECTOR = YES;
				GCC_WARN_UNINITIALIZED_AUTOS = YES_AGGRESSIVE;
				GCC_WARN_UNUSED_FUNCTION = YES;
				GCC_WARN_UNUSED_VARIABLE = YES;
				IPHONEOS_DEPLOYMENT_TARGET = 17.2;
				LOCALIZATION_PREFERS_STRING_CATALOGS = YES;
				MTL_ENABLE_DEBUG_INFO = NO;
				MTL_FAST_MATH = YES;
				SDKROOT = iphoneos;
				SWIFT_COMPILATION_MODE = wholemodule;
				VALIDATE_PRODUCT = YES;
			};
			name = Release;
		};
		41B40C2E2B6E966700F5697C /* Debug */ = {
			isa = XCBuildConfiguration;
			buildSettings = {
				ASSETCATALOG_COMPILER_APPICON_NAME = AppIcon;
				ASSETCATALOG_COMPILER_GLOBAL_ACCENT_COLOR_NAME = AccentColor;
				CODE_SIGN_STYLE = Automatic;
				CURRENT_PROJECT_VERSION = 1;
				DEVELOPMENT_TEAM = ZAFK6J8VYM;
				GENERATE_INFOPLIST_FILE = YES;
				INFOPLIST_FILE = MovieApp/Support/Info.plist;
				INFOPLIST_KEY_UIApplicationSupportsIndirectInputEvents = YES;
				INFOPLIST_KEY_UILaunchStoryboardName = LaunchScreen;
				INFOPLIST_KEY_UISupportedInterfaceOrientations_iPad = "UIInterfaceOrientationPortrait UIInterfaceOrientationPortraitUpsideDown UIInterfaceOrientationLandscapeLeft UIInterfaceOrientationLandscapeRight";
				INFOPLIST_KEY_UISupportedInterfaceOrientations_iPhone = "UIInterfaceOrientationPortrait UIInterfaceOrientationLandscapeLeft UIInterfaceOrientationLandscapeRight";
				LD_RUNPATH_SEARCH_PATHS = (
					"$(inherited)",
					"@executable_path/Frameworks",
				);
				MARKETING_VERSION = 1.0;
				PRODUCT_BUNDLE_IDENTIFIER = com.mertpolat.MovieApp;
				PRODUCT_NAME = "$(TARGET_NAME)";
				SWIFT_EMIT_LOC_STRINGS = YES;
				SWIFT_VERSION = 5.0;
				TARGETED_DEVICE_FAMILY = "1,2";
			};
			name = Debug;
		};
		41B40C2F2B6E966700F5697C /* Release */ = {
			isa = XCBuildConfiguration;
			buildSettings = {
				ASSETCATALOG_COMPILER_APPICON_NAME = AppIcon;
				ASSETCATALOG_COMPILER_GLOBAL_ACCENT_COLOR_NAME = AccentColor;
				CODE_SIGN_STYLE = Automatic;
				CURRENT_PROJECT_VERSION = 1;
				DEVELOPMENT_TEAM = ZAFK6J8VYM;
				GENERATE_INFOPLIST_FILE = YES;
				INFOPLIST_FILE = MovieApp/Support/Info.plist;
				INFOPLIST_KEY_UIApplicationSupportsIndirectInputEvents = YES;
				INFOPLIST_KEY_UILaunchStoryboardName = LaunchScreen;
				INFOPLIST_KEY_UISupportedInterfaceOrientations_iPad = "UIInterfaceOrientationPortrait UIInterfaceOrientationPortraitUpsideDown UIInterfaceOrientationLandscapeLeft UIInterfaceOrientationLandscapeRight";
				INFOPLIST_KEY_UISupportedInterfaceOrientations_iPhone = "UIInterfaceOrientationPortrait UIInterfaceOrientationLandscapeLeft UIInterfaceOrientationLandscapeRight";
				LD_RUNPATH_SEARCH_PATHS = (
					"$(inherited)",
					"@executable_path/Frameworks",
				);
				MARKETING_VERSION = 1.0;
				PRODUCT_BUNDLE_IDENTIFIER = com.mertpolat.MovieApp;
				PRODUCT_NAME = "$(TARGET_NAME)";
				SWIFT_EMIT_LOC_STRINGS = YES;
				SWIFT_VERSION = 5.0;
				TARGETED_DEVICE_FAMILY = "1,2";
			};
			name = Release;
		};
/* End XCBuildConfiguration section */

/* Begin XCConfigurationList section */
		41B40BF62B6E966600F5697C /* Build configuration list for PBXProject "MovieApp" */ = {
			isa = XCConfigurationList;
			buildConfigurations = (
				41B40C2B2B6E966700F5697C /* Debug */,
				41B40C2C2B6E966700F5697C /* Release */,
			);
			defaultConfigurationIsVisible = 0;
			defaultConfigurationName = Release;
		};
		41B40C2D2B6E966700F5697C /* Build configuration list for PBXNativeTarget "MovieApp" */ = {
			isa = XCConfigurationList;
			buildConfigurations = (
				41B40C2E2B6E966700F5697C /* Debug */,
				41B40C2F2B6E966700F5697C /* Release */,
			);
			defaultConfigurationIsVisible = 0;
			defaultConfigurationName = Release;
		};
/* End XCConfigurationList section */

/* Begin XCRemoteSwiftPackageReference section */
		416D45512B764A5800D3908A /* XCRemoteSwiftPackageReference "MobilliumIntroduction" */ = {
			isa = XCRemoteSwiftPackageReference;
			repositoryURL = "https://github.com/mobillium/MobilliumIntroduction.git";
			requirement = {
				kind = upToNextMajorVersion;
				minimumVersion = 1.0.0;
			};
		};
		7C361A6B2C3F0D71006A5AFC /* XCRemoteSwiftPackageReference "Alamofire" */ = {
			isa = XCRemoteSwiftPackageReference;
			repositoryURL = "https://github.com/Alamofire/Alamofire.git";
			requirement = {
				kind = upToNextMajorVersion;
				minimumVersion = 5.9.1;
			};
		};
		7C4178002C65F12C00791C7E /* XCRemoteSwiftPackageReference "GoogleSignIn-iOS" */ = {
			isa = XCRemoteSwiftPackageReference;
			repositoryURL = "https://github.com/google/GoogleSignIn-iOS";
			requirement = {
				kind = upToNextMajorVersion;
				minimumVersion = 7.1.0;
			};
		};
		7CAB3F512C64A3B3000103DD /* XCRemoteSwiftPackageReference "IQKeyboardManager" */ = {
			isa = XCRemoteSwiftPackageReference;
			repositoryURL = "https://github.com/hackiftekhar/IQKeyboardManager";
			requirement = {
				kind = upToNextMajorVersion;
				minimumVersion = 7.1.1;
			};
		};
		7CAB3F582C6506FF000103DD /* XCRemoteSwiftPackageReference "firebase-ios-sdk" */ = {
			isa = XCRemoteSwiftPackageReference;
			repositoryURL = "https://github.com/firebase/firebase-ios-sdk.git";
			requirement = {
				kind = upToNextMajorVersion;
				minimumVersion = 11.0.0;
			};
		};
		7CAB5CEB2C4065F90049D446 /* XCRemoteSwiftPackageReference "SDWebImage" */ = {
			isa = XCRemoteSwiftPackageReference;
			repositoryURL = "https://github.com/SDWebImage/SDWebImage";
			requirement = {
				kind = upToNextMajorVersion;
				minimumVersion = 5.19.4;
			};
		};
		7CABC7252C43322B00DD7472 /* XCRemoteSwiftPackageReference "TinyConstraints" */ = {
			isa = XCRemoteSwiftPackageReference;
			repositoryURL = "https://github.com/roberthein/TinyConstraints";
			requirement = {
				kind = upToNextMajorVersion;
				minimumVersion = 4.0.2;
			};
		};
/* End XCRemoteSwiftPackageReference section */

/* Begin XCSwiftPackageProductDependency section */
		416D45522B764A5800D3908A /* MobilliumIntroduction */ = {
			isa = XCSwiftPackageProductDependency;
			package = 416D45512B764A5800D3908A /* XCRemoteSwiftPackageReference "MobilliumIntroduction" */;
			productName = MobilliumIntroduction;
		};
		7C4178012C65F12C00791C7E /* GoogleSignIn */ = {
			isa = XCSwiftPackageProductDependency;
			package = 7C4178002C65F12C00791C7E /* XCRemoteSwiftPackageReference "GoogleSignIn-iOS" */;
			productName = GoogleSignIn;
		};
		7C4178032C65F12C00791C7E /* GoogleSignInSwift */ = {
			isa = XCSwiftPackageProductDependency;
			package = 7C4178002C65F12C00791C7E /* XCRemoteSwiftPackageReference "GoogleSignIn-iOS" */;
			productName = GoogleSignInSwift;
		};
		7CAB3F522C64A3B3000103DD /* IQKeyboardManagerSwift */ = {
			isa = XCSwiftPackageProductDependency;
			package = 7CAB3F512C64A3B3000103DD /* XCRemoteSwiftPackageReference "IQKeyboardManager" */;
			productName = IQKeyboardManagerSwift;
		};
		7CAB3F5C2C65099E000103DD /* FirebaseAuth */ = {
			isa = XCSwiftPackageProductDependency;
			package = 7CAB3F582C6506FF000103DD /* XCRemoteSwiftPackageReference "firebase-ios-sdk" */;
			productName = FirebaseAuth;
		};
		7CAB3F5E2C6509C4000103DD /* FirebaseDatabase */ = {
			isa = XCSwiftPackageProductDependency;
			package = 7CAB3F582C6506FF000103DD /* XCRemoteSwiftPackageReference "firebase-ios-sdk" */;
			productName = FirebaseDatabase;
		};
		7CAB3F602C6509E0000103DD /* FirebaseAnalytics */ = {
			isa = XCSwiftPackageProductDependency;
			package = 7CAB3F582C6506FF000103DD /* XCRemoteSwiftPackageReference "firebase-ios-sdk" */;
			productName = FirebaseAnalytics;
		};
		7CAB5CEC2C4065F90049D446 /* SDWebImage */ = {
			isa = XCSwiftPackageProductDependency;
			package = 7CAB5CEB2C4065F90049D446 /* XCRemoteSwiftPackageReference "SDWebImage" */;
			productName = SDWebImage;
		};
		7CAB5CEE2C4065F90049D446 /* SDWebImageMapKit */ = {
			isa = XCSwiftPackageProductDependency;
			package = 7CAB5CEB2C4065F90049D446 /* XCRemoteSwiftPackageReference "SDWebImage" */;
			productName = SDWebImageMapKit;
		};
		7CABC7262C43322B00DD7472 /* TinyConstraints */ = {
			isa = XCSwiftPackageProductDependency;
			package = 7CABC7252C43322B00DD7472 /* XCRemoteSwiftPackageReference "TinyConstraints" */;
			productName = TinyConstraints;
		};
		7CCDA58D2C4163F000D38B1E /* Alamofire */ = {
			isa = XCSwiftPackageProductDependency;
			productName = Alamofire;
		};
/* End XCSwiftPackageProductDependency section */
	};
	rootObject = 41B40BF32B6E966600F5697C /* Project object */;
}
